{
  "name": "social-network",
  "version": "1.0.0",
  "lockfileVersion": 2,
  "requires": true,
  "packages": {
    "": {
      "name": "social-network",
      "version": "1.0.0",
      "license": "ISC",
      "dependencies": {
        "dateformat": "^5.0.3",
        "moment": "^2.29.3"
      }
    },
    "node_modules/dateformat": {
      "version": "5.0.3",
      "resolved": "https://registry.npmjs.org/dateformat/-/dateformat-5.0.3.tgz",
      "integrity": "sha512-Kvr6HmPXUMerlLcLF+Pwq3K7apHpYmGDVqrxcDasBg86UcKeTSNWbEzU8bwdXnxnR44FtMhJAxI4Bov6Y/KUfA==",
      "engines": {
        "node": ">=12.20"
      }
    },
    "node_modules/moment": {
      "version": "2.29.3",
      "resolved": "https://registry.npmjs.org/moment/-/moment-2.29.3.tgz",
      "integrity": "sha512-c6YRvhEo//6T2Jz/vVtYzqBzwvPT95JBQ+smCytzf7c50oMZRsR/a4w88aD34I+/QVSfnoAnSBFPJHItlOMJVw==",
      "engines": {
        "node": "*"
      }
    }
  },
  "dependencies": {
    "dateformat": {
      "version": "5.0.3",
      "resolved": "https://registry.npmjs.org/dateformat/-/dateformat-5.0.3.tgz",
      "integrity": "sha512-Kvr6HmPXUMerlLcLF+Pwq3K7apHpYmGDVqrxcDasBg86UcKeTSNWbEzU8bwdXnxnR44FtMhJAxI4Bov6Y/KUfA=="
    },
    "moment": {
      "version": "2.29.3",
      "resolved": "https://registry.npmjs.org/moment/-/moment-2.29.3.tgz",
      "integrity": "sha512-c6YRvhEo//6T2Jz/vVtYzqBzwvPT95JBQ+smCytzf7c50oMZRsR/a4w88aD34I+/QVSfnoAnSBFPJHItlOMJVw=="
    }
  }
}
